
Microsoft Visual Studio Solution File, Format Version 12.00
# Visual Studio Version 17
VisualStudioVersion = 17.3.32929.385
MinimumVisualStudioVersion = 10.0.40219.1
Project("{FAE04EC0-301F-11D3-BF4B-00C04F79EFBC}") = "PetVet", "PetVet\PetVet.csproj", "{831641F8-18CA-44DA-BF24-13B6AB96F9F9}"
EndProject
Project("{FAE04EC0-301F-11D3-BF4B-00C04F79EFBC}") = "DataAccessLayer", "DataAccessLayer\DataAccessLayer.csproj", "{31BEF2B9-3247-40FF-99C2-2112E0FE782C}"
EndProject
Project("{FAE04EC0-301F-11D3-BF4B-00C04F79EFBC}") = "EntitiesLayer", "EntitiesLayer\EntitiesLayer.csproj", "{284B6CD4-F9E8-47BB-8AFC-31CA45CB9073}"
EndProject
Project("{FAE04EC0-301F-11D3-BF4B-00C04F79EFBC}") = "BusinessLayer", "BusinessLayer\BusinessLayer.csproj", "{3B928127-8CF6-46DA-BBF5-732843FBD925}"
EndProject
Global
	GlobalSection(SolutionConfigurationPlatforms) = preSolution
		Debug|Any CPU = Debug|Any CPU
		Release|Any CPU = Release|Any CPU
	EndGlobalSection
	GlobalSection(ProjectConfigurationPlatforms) = postSolution
		{831641F8-18CA-44DA-BF24-13B6AB96F9F9}.Debug|Any CPU.ActiveCfg = Debug|Any CPU
		{831641F8-18CA-44DA-BF24-13B6AB96F9F9}.Debug|Any CPU.Build.0 = Debug|Any CPU
		{831641F8-18CA-44DA-BF24-13B6AB96F9F9}.Release|Any CPU.ActiveCfg = Release|Any CPU
		{831641F8-18CA-44DA-BF24-13B6AB96F9F9}.Release|Any CPU.Build.0 = Release|Any CPU
		{31BEF2B9-3247-40FF-99C2-2112E0FE782C}.Debug|Any CPU.ActiveCfg = Debug|Any CPU
		{31BEF2B9-3247-40FF-99C2-2112E0FE782C}.Debug|Any CPU.Build.0 = Debug|Any CPU
		{31BEF2B9-3247-40FF-99C2-2112E0FE782C}.Release|Any CPU.ActiveCfg = Release|Any CPU
		{31BEF2B9-3247-40FF-99C2-2112E0FE782C}.Release|Any CPU.Build.0 = Release|Any CPU
		{284B6CD4-F9E8-47BB-8AFC-31CA45CB9073}.Debug|Any CPU.ActiveCfg = Debug|Any CPU
		{284B6CD4-F9E8-47BB-8AFC-31CA45CB9073}.Debug|Any CPU.Build.0 = Debug|Any CPU
		{284B6CD4-F9E8-47BB-8AFC-31CA45CB9073}.Release|Any CPU.ActiveCfg = Release|Any CPU
		{284B6CD4-F9E8-47BB-8AFC-31CA45CB9073}.Release|Any CPU.Build.0 = Release|Any CPU
		{3B928127-8CF6-46DA-BBF5-732843FBD925}.Debug|Any CPU.ActiveCfg = Debug|Any CPU
		{3B928127-8CF6-46DA-BBF5-732843FBD925}.Debug|Any CPU.Build.0 = Debug|Any CPU
		{3B928127-8CF6-46DA-BBF5-732843FBD925}.Release|Any CPU.ActiveCfg = Release|Any CPU
		{3B928127-8CF6-46DA-BBF5-732843FBD925}.Release|Any CPU.Build.0 = Release|Any CPU
	EndGlobalSection
	GlobalSection(SolutionProperties) = preSolution
		HideSolutionNode = FALSE
	EndGlobalSection
	GlobalSection(ExtensibilityGlobals) = postSolution
		SolutionGuid = {D49F9887-A47D-4C09-966C-88B92C855E03}
	EndGlobalSection
EndGlobal
